
Microsoft Visual Studio Solution File, Format Version 12.00
# Visual Studio Version 16
VisualStudioVersion = 16.0.30225.117
MinimumVisualStudioVersion = 10.0.40219.1
Project("{FAE04EC0-301F-11D3-BF4B-00C04F79EFBC}") = "SM64 NX Launcher", "SM64 EX Launcher\SM64 NX Launcher.csproj", "{1C6258D0-6658-405B-9182-4AB9C53B84B4}"
EndProject
Project("{54435603-DBB4-11D2-8724-00A0C9A8B90C}") = "SM64 NX Launcher Installer", "SM64 NX Launcher Installer\SM64 NX Launcher Installer.vdproj", "{CCBBD3D9-6EAE-4CD4-A000-BF52D8DB1296}"
EndProject
Global
	GlobalSection(SolutionConfigurationPlatforms) = preSolution
		Debug|Any CPU = Debug|Any CPU
		Release|Any CPU = Release|Any CPU
	EndGlobalSection
	GlobalSection(ProjectConfigurationPlatforms) = postSolution
		{1C6258D0-6658-405B-9182-4AB9C53B84B4}.Debug|Any CPU.ActiveCfg = Debug|Any CPU
		{1C6258D0-6658-405B-9182-4AB9C53B84B4}.Debug|Any CPU.Build.0 = Debug|Any CPU
		{1C6258D0-6658-405B-9182-4AB9C53B84B4}.Release|Any CPU.ActiveCfg = Release|Any CPU
		{1C6258D0-6658-405B-9182-4AB9C53B84B4}.Release|Any CPU.Build.0 = Release|Any CPU
		{CCBBD3D9-6EAE-4CD4-A000-BF52D8DB1296}.Debug|Any CPU.ActiveCfg = Debug
		{CCBBD3D9-6EAE-4CD4-A000-BF52D8DB1296}.Release|Any CPU.ActiveCfg = Release
	EndGlobalSection
	GlobalSection(SolutionProperties) = preSolution
		HideSolutionNode = FALSE
	EndGlobalSection
	GlobalSection(ExtensibilityGlobals) = postSolution
		SolutionGuid = {CD453A66-BA13-439E-9CFD-145070245F78}
	EndGlobalSection
EndGlobal
